Microsoft Visual Studio Solution File, Format Version 12.00
# Visual Studio Version 17
VisualStudioVersion = 17.5.2.0
MinimumVisualStudioVersion = 10.0.40219.1
Project("{2150E333-8FDC-42A3-9474-1A3956D46DE8}") = "lang", "lang", "{DBBD9D1F-5D10-9815-7E99-3237CDB5F59E}"
EndProject
Project("{FAE04EC0-301F-11D3-BF4B-00C04F79EFBC}") = "aspnet-i18n", "lang\aspnet-i18n\aspnet-i18n.csproj", "{06BDE480-2A85-9B17-8FFC-2774C49F7B50}"
EndProject
Global
	GlobalSection(SolutionConfigurationPlatforms) = preSolution
		Debug|Any CPU = Debug|Any CPU
		Release|Any CPU = Release|Any CPU
	EndGlobalSection
	GlobalSection(ProjectConfigurationPlatforms) = postSolution
		{06BDE480-2A85-9B17-8FFC-2774C49F7B50}.Debug|Any CPU.ActiveCfg = Debug|Any CPU
		{06BDE480-2A85-9B17-8FFC-2774C49F7B50}.Debug|Any CPU.Build.0 = Debug|Any CPU
		{06BDE480-2A85-9B17-8FFC-2774C49F7B50}.Release|Any CPU.ActiveCfg = Release|Any CPU
		{06BDE480-2A85-9B17-8FFC-2774C49F7B50}.Release|Any CPU.Build.0 = Release|Any CPU
	EndGlobalSection
	GlobalSection(SolutionProperties) = preSolution
		HideSolutionNode = FALSE
	EndGlobalSection
	GlobalSection(NestedProjects) = preSolution
		{06BDE480-2A85-9B17-8FFC-2774C49F7B50} = {DBBD9D1F-5D10-9815-7E99-3237CDB5F59E}
	EndGlobalSection
	GlobalSection(ExtensibilityGlobals) = postSolution
		SolutionGuid = {20B23DFB-B5DD-4EDF-B48D-822DD2678B96}
	EndGlobalSection
EndGlobal
